
Microsoft Visual Studio Solution File, Format Version 12.00
# Visual Studio 15
VisualStudioVersion = 15.0.26228.4
MinimumVisualStudioVersion = 10.0.40219.1
Project("{FAE04EC0-301F-11D3-BF4B-00C04F79EFBC}") = "AuctionManagement.Domain", "AuctionManagement.Domain\AuctionManagement.Domain.csproj", "{35FAEF65-DFAD-43FD-A7A5-001519B7944B}"
EndProject
Project("{2150E333-8FDC-42A3-9474-1A3956D46DE8}") = "Auction", "Auction", "{2CA4A8BA-0385-4F19-BFD4-A2F354F99389}"
EndProject
Project("{2150E333-8FDC-42A3-9474-1A3956D46DE8}") = "Framework", "Framework", "{99F66CD4-9488-4F73-B1AC-50AFA20ACCCE}"
EndProject
Project("{FAE04EC0-301F-11D3-BF4B-00C04F79EFBC}") = "Framework.Core", "Framework.Core\Framework.Core.csproj", "{94845118-391D-4FC5-8248-C27AFBB77D72}"
EndProject
Project("{FAE04EC0-301F-11D3-BF4B-00C04F79EFBC}") = "Framework.Domain", "Framework.Domain\Framework.Domain.csproj", "{B16A887B-3247-4FB4-8572-19A71D944BF1}"
EndProject
Project("{FAE04EC0-301F-11D3-BF4B-00C04F79EFBC}") = "AuctionManagement.Domain.Tests", "AuctionManagement.Domain.Tests\AuctionManagement.Domain.Tests.csproj", "{D9A49497-7933-4184-91EE-C6E213A3A351}"
EndProject
Project("{2150E333-8FDC-42A3-9474-1A3956D46DE8}") = "Domain", "Domain", "{6A1025B4-D7C9-4338-9F2C-9185BD05817F}"
EndProject
Project("{2150E333-8FDC-42A3-9474-1A3956D46DE8}") = "Application", "Application", "{51F9FEC7-A8CA-4431-9AE8-B22C7FA2FD9C}"
EndProject
Project("{2150E333-8FDC-42A3-9474-1A3956D46DE8}") = "Infrastructure", "Infrastructure", "{0D85F77D-4D65-446E-BA3A-8EAA49353A45}"
EndProject
Project("{2150E333-8FDC-42A3-9474-1A3956D46DE8}") = "Interface", "Interface", "{734F3A85-C73D-4AAE-8EB1-81AF5A8A8FF1}"
EndProject
Project("{FAE04EC0-301F-11D3-BF4B-00C04F79EFBC}") = "AuctionManagement.Application", "AuctionManagement.Application\AuctionManagement.Application.csproj", "{2AC30E7E-4522-44E3-B6CA-89FCE1DAEDE4}"
EndProject
Project("{FAE04EC0-301F-11D3-BF4B-00C04F79EFBC}") = "Framework.Application", "Framework.Application\Framework.Application.csproj", "{95C5E6E5-A40F-4DCC-B6B8-1FA1CD0417F9}"
EndProject
Project("{FAE04EC0-301F-11D3-BF4B-00C04F79EFBC}") = "AuctionManagement.Interface.RestApi", "AuctionManagement.Interface.RestApi\AuctionManagement.Interface.RestApi.csproj", "{A9158837-ADB1-44B6-9020-C5FBC2D8B806}"
EndProject
Project("{FAE04EC0-301F-11D3-BF4B-00C04F79EFBC}") = "AuctionManagement.Config", "AuctionManagement.Config\AuctionManagement.Config.csproj", "{A1C8B45B-0928-4A3C-B1EC-2E4970D6A369}"
EndProject
Project("{FAE04EC0-301F-11D3-BF4B-00C04F79EFBC}") = "ServiceHost", "ServiceHost\ServiceHost.csproj", "{8E542DD6-B93F-416E-87C5-84329EE9D420}"
EndProject
Project("{FAE04EC0-301F-11D3-BF4B-00C04F79EFBC}") = "Framework.Config", "Framework.Config\Framework.Config.csproj", "{BC1F8D1B-9350-46D5-A5EA-8DCDB786AA03}"
EndProject
Project("{FAE04EC0-301F-11D3-BF4B-00C04F79EFBC}") = "AuctionManagement.Persistence.NH", "AuctionManagement.Persistence.NH\AuctionManagement.Persistence.NH.csproj", "{000AA972-72D0-4BF3-BAFE-95A2A0F295B8}"
EndProject
Project("{FAE04EC0-301F-11D3-BF4B-00C04F79EFBC}") = "Framework.NH", "Framework.NH\Framework.NH.csproj", "{365070F4-53FA-4773-B43D-585C4095893D}"
EndProject
Project("{FAE04EC0-301F-11D3-BF4B-00C04F79EFBC}") = "AuctionManagement.DatabaseMigrations", "AuctionManagement.DatabaseMigrations\AuctionManagement.DatabaseMigrations.csproj", "{26FB84FC-7D4E-4E64-ABB5-C2E3B00D544D}"
EndProject
Project("{FAE04EC0-301F-11D3-BF4B-00C04F79EFBC}") = "AuctionManagement.Persistence.NH.Tests", "AuctionManagement.Persistence.NH.Tests\AuctionManagement.Persistence.NH.Tests.csproj", "{E4721E96-632D-4438-AE66-FDF6BBE42148}"
EndProject
Project("{FAE04EC0-301F-11D3-BF4B-00C04F79EFBC}") = "AuctionManagement.Domain.Contracts", "AuctionManagement.Domain.Contracts\AuctionManagement.Domain.Contracts.csproj", "{15F1EBE7-3661-488E-8B5C-ADFDA2056496}"
EndProject
Project("{FAE04EC0-301F-11D3-BF4B-00C04F79EFBC}") = "AuctionManagement.Interface.Facade.Contracts", "AuctionManagement.Interface.Facade.Contracts\AuctionManagement.Interface.Facade.Contracts.csproj", "{A1B49327-2596-49E3-A13B-59AC3018E09A}"
EndProject
Project("{FAE04EC0-301F-11D3-BF4B-00C04F79EFBC}") = "AuctionManagement.Interface.Facade", "AuctionManagement.Interface.Facade\AuctionManagement.Interface.Facade.csproj", "{A179DFEA-3AC1-4667-AE8B-9A5DD113317E}"
EndProject
Project("{FAE04EC0-301F-11D3-BF4B-00C04F79EFBC}") = "AuctionManagement.QueryModel", "AuctionManagement.QueryModel\AuctionManagement.QueryModel.csproj", "{12AE0F10-7083-4CFE-AF95-0389EDFBD708}"
EndProject
Project("{FAE04EC0-301F-11D3-BF4B-00C04F79EFBC}") = "AuctionManagement.Interface.Facade.Query", "AuctionManagement.Interface.Facade.Query\AuctionManagement.Interface.Facade.Query.csproj", "{6AAA6156-1DB3-4A65-8ED9-F2C45C070ACA}"
EndProject
Project("{2150E333-8FDC-42A3-9474-1A3956D46DE8}") = "PartyManagement", "PartyManagement", "{396ABBE1-5462-42F8-804D-90A11F42FEE7}"
EndProject
Project("{2150E333-8FDC-42A3-9474-1A3956D46DE8}") = "Domain", "Domain", "{764B15A0-6DE9-47FA-8074-8B8DAEC7E745}"
EndProject
Project("{FAE04EC0-301F-11D3-BF4B-00C04F79EFBC}") = "PartyManagement.Domain", "PartyManagement.Domain\PartyManagement.Domain.csproj", "{BC1DD9EA-9AB6-44FB-9455-A3DFF8936F5D}"
EndProject
Project("{FAE04EC0-301F-11D3-BF4B-00C04F79EFBC}") = "PartyManagement.Domain.Tests", "PartyManagement.Domain.Tests\PartyManagement.Domain.Tests.csproj", "{2B8AA430-DD11-4583-8F29-881A0722DB74}"
EndProject
Project("{FAE04EC0-301F-11D3-BF4B-00C04F79EFBC}") = "AuctionManagement.Infrastructure.ACL.Party", "AuctionManagement.Infrastructure.ACL.Party\AuctionManagement.Infrastructure.ACL.Party.csproj", "{198E8009-AB87-43EC-8022-17B242594AA1}"
EndProject
Project("{FAE04EC0-301F-11D3-BF4B-00C04F79EFBC}") = "Framework.EventDispatcher", "Framework.EventDispatcher\Framework.EventDispatcher.csproj", "{5A591D7B-2BA7-4C41-9DDA-D99AC288C072}"
EndProject
Global
	GlobalSection(SolutionConfigurationPlatforms) = preSolution
		Debug|Any CPU = Debug|Any CPU
		Release|Any CPU = Release|Any CPU
	EndGlobalSection
	GlobalSection(ProjectConfigurationPlatforms) = postSolution
		{35FAEF65-DFAD-43FD-A7A5-001519B7944B}.Debug|Any CPU.ActiveCfg = Debug|Any CPU
		{35FAEF65-DFAD-43FD-A7A5-001519B7944B}.Debug|Any CPU.Build.0 = Debug|Any CPU
		{35FAEF65-DFAD-43FD-A7A5-001519B7944B}.Release|Any CPU.ActiveCfg = Release|Any CPU
		{35FAEF65-DFAD-43FD-A7A5-001519B7944B}.Release|Any CPU.Build.0 = Release|Any CPU
		{94845118-391D-4FC5-8248-C27AFBB77D72}.Debug|Any CPU.ActiveCfg = Debug|Any CPU
		{94845118-391D-4FC5-8248-C27AFBB77D72}.Debug|Any CPU.Build.0 = Debug|Any CPU
		{94845118-391D-4FC5-8248-C27AFBB77D72}.Release|Any CPU.ActiveCfg = Release|Any CPU
		{94845118-391D-4FC5-8248-C27AFBB77D72}.Release|Any CPU.Build.0 = Release|Any CPU
		{B16A887B-3247-4FB4-8572-19A71D944BF1}.Debug|Any CPU.ActiveCfg = Debug|Any CPU
		{B16A887B-3247-4FB4-8572-19A71D944BF1}.Debug|Any CPU.Build.0 = Debug|Any CPU
		{B16A887B-3247-4FB4-8572-19A71D944BF1}.Release|Any CPU.ActiveCfg = Release|Any CPU
		{B16A887B-3247-4FB4-8572-19A71D944BF1}.Release|Any CPU.Build.0 = Release|Any CPU
		{D9A49497-7933-4184-91EE-C6E213A3A351}.Debug|Any CPU.ActiveCfg = Debug|Any CPU
		{D9A49497-7933-4184-91EE-C6E213A3A351}.Debug|Any CPU.Build.0 = Debug|Any CPU
		{D9A49497-7933-4184-91EE-C6E213A3A351}.Release|Any CPU.ActiveCfg = Release|Any CPU
		{D9A49497-7933-4184-91EE-C6E213A3A351}.Release|Any CPU.Build.0 = Release|Any CPU
		{2AC30E7E-4522-44E3-B6CA-89FCE1DAEDE4}.Debug|Any CPU.ActiveCfg = Debug|Any CPU
		{2AC30E7E-4522-44E3-B6CA-89FCE1DAEDE4}.Debug|Any CPU.Build.0 = Debug|Any CPU
		{2AC30E7E-4522-44E3-B6CA-89FCE1DAEDE4}.Release|Any CPU.ActiveCfg = Release|Any CPU
		{2AC30E7E-4522-44E3-B6CA-89FCE1DAEDE4}.Release|Any CPU.Build.0 = Release|Any CPU
		{95C5E6E5-A40F-4DCC-B6B8-1FA1CD0417F9}.Debug|Any CPU.ActiveCfg = Debug|Any CPU
		{95C5E6E5-A40F-4DCC-B6B8-1FA1CD0417F9}.Debug|Any CPU.Build.0 = Debug|Any CPU
		{95C5E6E5-A40F-4DCC-B6B8-1FA1CD0417F9}.Release|Any CPU.ActiveCfg = Release|Any CPU
		{95C5E6E5-A40F-4DCC-B6B8-1FA1CD0417F9}.Release|Any CPU.Build.0 = Release|Any CPU
		{A9158837-ADB1-44B6-9020-C5FBC2D8B806}.Debug|Any CPU.ActiveCfg = Debug|Any CPU
		{A9158837-ADB1-44B6-9020-C5FBC2D8B806}.Debug|Any CPU.Build.0 = Debug|Any CPU
		{A9158837-ADB1-44B6-9020-C5FBC2D8B806}.Release|Any CPU.ActiveCfg = Release|Any CPU
		{A9158837-ADB1-44B6-9020-C5FBC2D8B806}.Release|Any CPU.Build.0 = Release|Any CPU
		{A1C8B45B-0928-4A3C-B1EC-2E4970D6A369}.Debug|Any CPU.ActiveCfg = Debug|Any CPU
		{A1C8B45B-0928-4A3C-B1EC-2E4970D6A369}.Debug|Any CPU.Build.0 = Debug|Any CPU
		{A1C8B45B-0928-4A3C-B1EC-2E4970D6A369}.Release|Any CPU.ActiveCfg = Release|Any CPU
		{A1C8B45B-0928-4A3C-B1EC-2E4970D6A369}.Release|Any CPU.Build.0 = Release|Any CPU
		{8E542DD6-B93F-416E-87C5-84329EE9D420}.Debug|Any CPU.ActiveCfg = Debug|Any CPU
		{8E542DD6-B93F-416E-87C5-84329EE9D420}.Debug|Any CPU.Build.0 = Debug|Any CPU
		{8E542DD6-B93F-416E-87C5-84329EE9D420}.Release|Any CPU.ActiveCfg = Release|Any CPU
		{8E542DD6-B93F-416E-87C5-84329EE9D420}.Release|Any CPU.Build.0 = Release|Any CPU
		{BC1F8D1B-9350-46D5-A5EA-8DCDB786AA03}.Debug|Any CPU.ActiveCfg = Debug|Any CPU
		{BC1F8D1B-9350-46D5-A5EA-8DCDB786AA03}.Debug|Any CPU.Build.0 = Debug|Any CPU
		{BC1F8D1B-9350-46D5-A5EA-8DCDB786AA03}.Release|Any CPU.ActiveCfg = Release|Any CPU
		{BC1F8D1B-9350-46D5-A5EA-8DCDB786AA03}.Release|Any CPU.Build.0 = Release|Any CPU
		{000AA972-72D0-4BF3-BAFE-95A2A0F295B8}.Debug|Any CPU.ActiveCfg = Debug|Any CPU
		{000AA972-72D0-4BF3-BAFE-95A2A0F295B8}.Debug|Any CPU.Build.0 = Debug|Any CPU
		{000AA972-72D0-4BF3-BAFE-95A2A0F295B8}.Release|Any CPU.ActiveCfg = Release|Any CPU
		{000AA972-72D0-4BF3-BAFE-95A2A0F295B8}.Release|Any CPU.Build.0 = Release|Any CPU
		{365070F4-53FA-4773-B43D-585C4095893D}.Debug|Any CPU.ActiveCfg = Debug|Any CPU
		{365070F4-53FA-4773-B43D-585C4095893D}.Debug|Any CPU.Build.0 = Debug|Any CPU
		{365070F4-53FA-4773-B43D-585C4095893D}.Release|Any CPU.ActiveCfg = Release|Any CPU
		{365070F4-53FA-4773-B43D-585C4095893D}.Release|Any CPU.Build.0 = Release|Any CPU
		{26FB84FC-7D4E-4E64-ABB5-C2E3B00D544D}.Debug|Any CPU.ActiveCfg = Debug|Any CPU
		{26FB84FC-7D4E-4E64-ABB5-C2E3B00D544D}.Debug|Any CPU.Build.0 = Debug|Any CPU
		{26FB84FC-7D4E-4E64-ABB5-C2E3B00D544D}.Release|Any CPU.ActiveCfg = Release|Any CPU
		{26FB84FC-7D4E-4E64-ABB5-C2E3B00D544D}.Release|Any CPU.Build.0 = Release|Any CPU
		{E4721E96-632D-4438-AE66-FDF6BBE42148}.Debug|Any CPU.ActiveCfg = Debug|Any CPU
		{E4721E96-632D-4438-AE66-FDF6BBE42148}.Debug|Any CPU.Build.0 = Debug|Any CPU
		{E4721E96-632D-4438-AE66-FDF6BBE42148}.Release|Any CPU.ActiveCfg = Release|Any CPU
		{E4721E96-632D-4438-AE66-FDF6BBE42148}.Release|Any CPU.Build.0 = Release|Any CPU
		{15F1EBE7-3661-488E-8B5C-ADFDA2056496}.Debug|Any CPU.ActiveCfg = Debug|Any CPU
		{15F1EBE7-3661-488E-8B5C-ADFDA2056496}.Debug|Any CPU.Build.0 = Debug|Any CPU
		{15F1EBE7-3661-488E-8B5C-ADFDA2056496}.Release|Any CPU.ActiveCfg = Release|Any CPU
		{15F1EBE7-3661-488E-8B5C-ADFDA2056496}.Release|Any CPU.Build.0 = Release|Any CPU
		{A1B49327-2596-49E3-A13B-59AC3018E09A}.Debug|Any CPU.ActiveCfg = Debug|Any CPU
		{A1B49327-2596-49E3-A13B-59AC3018E09A}.Debug|Any CPU.Build.0 = Debug|Any CPU
		{A1B49327-2596-49E3-A13B-59AC3018E09A}.Release|Any CPU.ActiveCfg = Release|Any CPU
		{A1B49327-2596-49E3-A13B-59AC3018E09A}.Release|Any CPU.Build.0 = Release|Any CPU
		{A179DFEA-3AC1-4667-AE8B-9A5DD113317E}.Debug|Any CPU.ActiveCfg = Debug|Any CPU
		{A179DFEA-3AC1-4667-AE8B-9A5DD113317E}.Debug|Any CPU.Build.0 = Debug|Any CPU
		{A179DFEA-3AC1-4667-AE8B-9A5DD113317E}.Release|Any CPU.ActiveCfg = Release|Any CPU
		{A179DFEA-3AC1-4667-AE8B-9A5DD113317E}.Release|Any CPU.Build.0 = Release|Any CPU
		{12AE0F10-7083-4CFE-AF95-0389EDFBD708}.Debug|Any CPU.ActiveCfg = Debug|Any CPU
		{12AE0F10-7083-4CFE-AF95-0389EDFBD708}.Debug|Any CPU.Build.0 = Debug|Any CPU
		{12AE0F10-7083-4CFE-AF95-0389EDFBD708}.Release|Any CPU.ActiveCfg = Release|Any CPU
		{12AE0F10-7083-4CFE-AF95-0389EDFBD708}.Release|Any CPU.Build.0 = Release|Any CPU
		{6AAA6156-1DB3-4A65-8ED9-F2C45C070ACA}.Debug|Any CPU.ActiveCfg = Debug|Any CPU
		{6AAA6156-1DB3-4A65-8ED9-F2C45C070ACA}.Debug|Any CPU.Build.0 = Debug|Any CPU
		{6AAA6156-1DB3-4A65-8ED9-F2C45C070ACA}.Release|Any CPU.ActiveCfg = Release|Any CPU
		{6AAA6156-1DB3-4A65-8ED9-F2C45C070ACA}.Release|Any CPU.Build.0 = Release|Any CPU
		{BC1DD9EA-9AB6-44FB-9455-A3DFF8936F5D}.Debug|Any CPU.ActiveCfg = Debug|Any CPU
		{BC1DD9EA-9AB6-44FB-9455-A3DFF8936F5D}.Debug|Any CPU.Build.0 = Debug|Any CPU
		{BC1DD9EA-9AB6-44FB-9455-A3DFF8936F5D}.Release|Any CPU.ActiveCfg = Release|Any CPU
		{BC1DD9EA-9AB6-44FB-9455-A3DFF8936F5D}.Release|Any CPU.Build.0 = Release|Any CPU
		{2B8AA430-DD11-4583-8F29-881A0722DB74}.Debug|Any CPU.ActiveCfg = Debug|Any CPU
		{2B8AA430-DD11-4583-8F29-881A0722DB74}.Debug|Any CPU.Build.0 = Debug|Any CPU
		{2B8AA430-DD11-4583-8F29-881A0722DB74}.Release|Any CPU.ActiveCfg = Release|Any CPU
		{2B8AA430-DD11-4583-8F29-881A0722DB74}.Release|Any CPU.Build.0 = Release|Any CPU
		{198E8009-AB87-43EC-8022-17B242594AA1}.Debug|Any CPU.ActiveCfg = Debug|Any CPU
		{198E8009-AB87-43EC-8022-17B242594AA1}.Debug|Any CPU.Build.0 = Debug|Any CPU
		{198E8009-AB87-43EC-8022-17B242594AA1}.Release|Any CPU.ActiveCfg = Release|Any CPU
		{198E8009-AB87-43EC-8022-17B242594AA1}.Release|Any CPU.Build.0 = Release|Any CPU
		{5A591D7B-2BA7-4C41-9DDA-D99AC288C072}.Debug|Any CPU.ActiveCfg = Debug|Any CPU
		{5A591D7B-2BA7-4C41-9DDA-D99AC288C072}.Debug|Any CPU.Build.0 = Debug|Any CPU
		{5A591D7B-2BA7-4C41-9DDA-D99AC288C072}.Release|Any CPU.ActiveCfg = Release|Any CPU
		{5A591D7B-2BA7-4C41-9DDA-D99AC288C072}.Release|Any CPU.Build.0 = Release|Any CPU
	EndGlobalSection
	GlobalSection(SolutionProperties) = preSolution
		HideSolutionNode = FALSE
	EndGlobalSection
	GlobalSection(NestedProjects) = preSolution
		{35FAEF65-DFAD-43FD-A7A5-001519B7944B} = {6A1025B4-D7C9-4338-9F2C-9185BD05817F}
		{94845118-391D-4FC5-8248-C27AFBB77D72} = {99F66CD4-9488-4F73-B1AC-50AFA20ACCCE}
		{B16A887B-3247-4FB4-8572-19A71D944BF1} = {99F66CD4-9488-4F73-B1AC-50AFA20ACCCE}
		{D9A49497-7933-4184-91EE-C6E213A3A351} = {6A1025B4-D7C9-4338-9F2C-9185BD05817F}
		{6A1025B4-D7C9-4338-9F2C-9185BD05817F} = {2CA4A8BA-0385-4F19-BFD4-A2F354F99389}
		{51F9FEC7-A8CA-4431-9AE8-B22C7FA2FD9C} = {2CA4A8BA-0385-4F19-BFD4-A2F354F99389}
		{0D85F77D-4D65-446E-BA3A-8EAA49353A45} = {2CA4A8BA-0385-4F19-BFD4-A2F354F99389}
		{734F3A85-C73D-4AAE-8EB1-81AF5A8A8FF1} = {2CA4A8BA-0385-4F19-BFD4-A2F354F99389}
		{2AC30E7E-4522-44E3-B6CA-89FCE1DAEDE4} = {51F9FEC7-A8CA-4431-9AE8-B22C7FA2FD9C}
		{95C5E6E5-A40F-4DCC-B6B8-1FA1CD0417F9} = {99F66CD4-9488-4F73-B1AC-50AFA20ACCCE}
		{A9158837-ADB1-44B6-9020-C5FBC2D8B806} = {734F3A85-C73D-4AAE-8EB1-81AF5A8A8FF1}
		{A1C8B45B-0928-4A3C-B1EC-2E4970D6A369} = {0D85F77D-4D65-446E-BA3A-8EAA49353A45}
		{BC1F8D1B-9350-46D5-A5EA-8DCDB786AA03} = {99F66CD4-9488-4F73-B1AC-50AFA20ACCCE}
		{000AA972-72D0-4BF3-BAFE-95A2A0F295B8} = {0D85F77D-4D65-446E-BA3A-8EAA49353A45}
		{365070F4-53FA-4773-B43D-585C4095893D} = {99F66CD4-9488-4F73-B1AC-50AFA20ACCCE}
		{26FB84FC-7D4E-4E64-ABB5-C2E3B00D544D} = {2CA4A8BA-0385-4F19-BFD4-A2F354F99389}
		{E4721E96-632D-4438-AE66-FDF6BBE42148} = {0D85F77D-4D65-446E-BA3A-8EAA49353A45}
		{15F1EBE7-3661-488E-8B5C-ADFDA2056496} = {6A1025B4-D7C9-4338-9F2C-9185BD05817F}
		{A1B49327-2596-49E3-A13B-59AC3018E09A} = {734F3A85-C73D-4AAE-8EB1-81AF5A8A8FF1}
		{A179DFEA-3AC1-4667-AE8B-9A5DD113317E} = {734F3A85-C73D-4AAE-8EB1-81AF5A8A8FF1}
		{12AE0F10-7083-4CFE-AF95-0389EDFBD708} = {0D85F77D-4D65-446E-BA3A-8EAA49353A45}
		{6AAA6156-1DB3-4A65-8ED9-F2C45C070ACA} = {734F3A85-C73D-4AAE-8EB1-81AF5A8A8FF1}
		{764B15A0-6DE9-47FA-8074-8B8DAEC7E745} = {396ABBE1-5462-42F8-804D-90A11F42FEE7}
		{BC1DD9EA-9AB6-44FB-9455-A3DFF8936F5D} = {764B15A0-6DE9-47FA-8074-8B8DAEC7E745}
		{2B8AA430-DD11-4583-8F29-881A0722DB74} = {764B15A0-6DE9-47FA-8074-8B8DAEC7E745}
		{198E8009-AB87-43EC-8022-17B242594AA1} = {0D85F77D-4D65-446E-BA3A-8EAA49353A45}
		{5A591D7B-2BA7-4C41-9DDA-D99AC288C072} = {99F66CD4-9488-4F73-B1AC-50AFA20ACCCE}
	EndGlobalSection
EndGlobal
